{
  "requires": true,
  "lockfileVersion": 1,
  "dependencies": {
    "@angular-redux/store": {
      "version": "10.0.0",
      "resolved": "https://registry.npmjs.org/@angular-redux/store/-/store-10.0.0.tgz",
      "integrity": "sha512-oLaj4XSObz1jmpA2qc9WptllEDJPaM0n6AVZLP5GAWH4ytf4nc7hjb3J79xebVm/+elN3D0kyYxO9kNIFL7HYw=="
    }
  }
}
